
Microsoft Visual Studio Solution File, Format Version 12.00
Project("{FAE04EC0-301F-11D3-BF4B-00C04F79EFBC}") = "TelegramBotDVFU", "TelegramBotDVFU\TelegramBotDVFU.csproj", "{B1F65007-D7E2-41BF-90A1-5EC5EC10ACDD}"
EndProject
Global
	GlobalSection(SolutionConfigurationPlatforms) = preSolution
		Debug|Any CPU = Debug|Any CPU
		Release|Any CPU = Release|Any CPU
	EndGlobalSection
	GlobalSection(ProjectConfigurationPlatforms) = postSolution
		{B1F65007-D7E2-41BF-90A1-5EC5EC10ACDD}.Debug|Any CPU.ActiveCfg = Debug|Any CPU
		{B1F65007-D7E2-41BF-90A1-5EC5EC10ACDD}.Debug|Any CPU.Build.0 = Debug|Any CPU
		{B1F65007-D7E2-41BF-90A1-5EC5EC10ACDD}.Release|Any CPU.ActiveCfg = Release|Any CPU
		{B1F65007-D7E2-41BF-90A1-5EC5EC10ACDD}.Release|Any CPU.Build.0 = Release|Any CPU
	EndGlobalSection
EndGlobal
